// !$*UTF8*$!
{
	archiveVersion = 1;
	classes = {
	};
	objectVersion = 56;
	objects = {

/* Begin PBXBuildFile section */
		581421032C12869600B67BA9 /* TowerCardView.swift in Sources */ = {isa = PBXBuildFile; fileRef = 581421022C12869500B67BA9 /* TowerCardView.swift */; };
		581421052C12ADBE00B67BA9 /* TowerView.swift in Sources */ = {isa = PBXBuildFile; fileRef = 581421042C12ADBE00B67BA9 /* TowerView.swift */; };
		581421072C12B85B00B67BA9 /* AttackerEmemy.swift in Sources */ = {isa = PBXBuildFile; fileRef = 581421062C12B85B00B67BA9 /* AttackerEmemy.swift */; };
		581421092C143C4200B67BA9 /* SideButtonView.swift in Sources */ = {isa = PBXBuildFile; fileRef = 581421082C143C4200B67BA9 /* SideButtonView.swift */; };
		581DF9282C115DD6002A0E59 /* AttackerTower.swift in Sources */ = {isa = PBXBuildFile; fileRef = 581DF9272C115DD6002A0E59 /* AttackerTower.swift */; };
		581DF92B2C115EEC002A0E59 /* Bullet.swift in Sources */ = {isa = PBXBuildFile; fileRef = 581DF92A2C115EEC002A0E59 /* Bullet.swift */; };
		581DF94D2C118E1C002A0E59 /* EnemyView.swift in Sources */ = {isa = PBXBuildFile; fileRef = 581DF94C2C118E1C002A0E59 /* EnemyView.swift */; };
		581DF9542C11FA83002A0E59 /* BossEnemy.swift in Sources */ = {isa = PBXBuildFile; fileRef = 581DF9532C11FA83002A0E59 /* BossEnemy.swift */; };
		58AC5D0A2C1456F80060EE81 /* ObservableObjects.swift in Sources */ = {isa = PBXBuildFile; fileRef = 58AC5D092C1456F80060EE81 /* ObservableObjects.swift */; };
		58AC5D0C2C14576A0060EE81 /* BorningPointView.swift in Sources */ = {isa = PBXBuildFile; fileRef = 58AC5D0B2C14576A0060EE81 /* BorningPointView.swift */; };
		58AC5D0E2C157E530060EE81 /* ProducerTower.swift in Sources */ = {isa = PBXBuildFile; fileRef = 58AC5D0D2C157E530060EE81 /* ProducerTower.swift */; };
		58AC5D102C15A83E0060EE81 /* UtilFunctions.swift in Sources */ = {isa = PBXBuildFile; fileRef = 58AC5D0F2C15A83E0060EE81 /* UtilFunctions.swift */; };
		58AC5D122C16A1B10060EE81 /* BulletView.swift in Sources */ = {isa = PBXBuildFile; fileRef = 58AC5D112C16A1B10060EE81 /* BulletView.swift */; };
		58D40ACF2C109F9D00DCF246 /* TowerDefenseApp.swift in Sources */ = {isa = PBXBuildFile; fileRef = 58D40ACE2C109F9D00DCF246 /* TowerDefenseApp.swift */; };
		58D40AD12C109F9D00DCF246 /* ContentView.swift in Sources */ = {isa = PBXBuildFile; fileRef = 58D40AD02C109F9D00DCF246 /* ContentView.swift */; };
		58D40AD32C109F9F00DCF246 /* Assets.xcassets in Resources */ = {isa = PBXBuildFile; fileRef = 58D40AD22C109F9F00DCF246 /* Assets.xcassets */; };
		58D40AD62C109F9F00DCF246 /* Preview Assets.xcassets in Resources */ = {isa = PBXBuildFile; fileRef = 58D40AD52C109F9F00DCF246 /* Preview Assets.xcassets */; };
		58D40ADD2C10A2C000DCF246 /* Enemy.swift in Sources */ = {isa = PBXBuildFile; fileRef = 58D40ADC2C10A2C000DCF246 /* Enemy.swift */; };
		58D40ADF2C10A2DA00DCF246 /* Tower.swift in Sources */ = {isa = PBXBuildFile; fileRef = 58D40ADE2C10A2DA00DCF246 /* Tower.swift */; };
/* End PBXBuildFile section */

/* Begin PBXFileReference section */
		581421022C12869500B67BA9 /* TowerCardView.swift */ = {isa = PBXFileReference; lastKnownFileType = sourcecode.swift; path = TowerCardView.swift; sourceTree = "<group>"; };
		581421042C12ADBE00B67BA9 /* TowerView.swift */ = {isa = PBXFileReference; lastKnownFileType = sourcecode.swift; path = TowerView.swift; sourceTree = "<group>"; };
		581421062C12B85B00B67BA9 /* AttackerEmemy.swift */ = {isa = PBXFileReference; lastKnownFileType = sourcecode.swift; path = AttackerEmemy.swift; sourceTree = "<group>"; };
		581421082C143C4200B67BA9 /* SideButtonView.swift */ = {isa = PBXFileReference; lastKnownFileType = sourcecode.swift; path = SideButtonView.swift; sourceTree = "<group>"; };
		581DF9272C115DD6002A0E59 /* AttackerTower.swift */ = {isa = PBXFileReference; lastKnownFileType = sourcecode.swift; path = AttackerTower.swift; sourceTree = "<group>"; };
		581DF92A2C115EEC002A0E59 /* Bullet.swift */ = {isa = PBXFileReference; lastKnownFileType = sourcecode.swift; path = Bullet.swift; sourceTree = "<group>"; };
		581DF94C2C118E1C002A0E59 /* EnemyView.swift */ = {isa = PBXFileReference; lastKnownFileType = sourcecode.swift; path = EnemyView.swift; sourceTree = "<group>"; };
		581DF9532C11FA83002A0E59 /* BossEnemy.swift */ = {isa = PBXFileReference; lastKnownFileType = sourcecode.swift; path = BossEnemy.swift; sourceTree = "<group>"; };
		58AC5D092C1456F80060EE81 /* ObservableObjects.swift */ = {isa = PBXFileReference; lastKnownFileType = sourcecode.swift; path = ObservableObjects.swift; sourceTree = "<group>"; };
		58AC5D0B2C14576A0060EE81 /* BorningPointView.swift */ = {isa = PBXFileReference; lastKnownFileType = sourcecode.swift; path = BorningPointView.swift; sourceTree = "<group>"; };
		58AC5D0D2C157E530060EE81 /* ProducerTower.swift */ = {isa = PBXFileReference; lastKnownFileType = sourcecode.swift; path = ProducerTower.swift; sourceTree = "<group>"; };
		58AC5D0F2C15A83E0060EE81 /* UtilFunctions.swift */ = {isa = PBXFileReference; lastKnownFileType = sourcecode.swift; path = UtilFunctions.swift; sourceTree = "<group>"; };
		58AC5D112C16A1B10060EE81 /* BulletView.swift */ = {isa = PBXFileReference; lastKnownFileType = sourcecode.swift; path = BulletView.swift; sourceTree = "<group>"; };
		58D40ACB2C109F9D00DCF246 /* TowerDefense.app */ = {isa = PBXFileReference; explicitFileType = wrapper.application; includeInIndex = 0; path = TowerDefense.app; sourceTree = BUILT_PRODUCTS_DIR; };
		58D40ACE2C109F9D00DCF246 /* TowerDefenseApp.swift */ = {isa = PBXFileReference; lastKnownFileType = sourcecode.swift; path = TowerDefenseApp.swift; sourceTree = "<group>"; };
		58D40AD02C109F9D00DCF246 /* ContentView.swift */ = {isa = PBXFileReference; lastKnownFileType = sourcecode.swift; path = ContentView.swift; sourceTree = "<group>"; };
		58D40AD22C109F9F00DCF246 /* Assets.xcassets */ = {isa = PBXFileReference; lastKnownFileType = folder.assetcatalog; path = Assets.xcassets; sourceTree = "<group>"; };
		58D40AD52C109F9F00DCF246 /* Preview Assets.xcassets */ = {isa = PBXFileReference; lastKnownFileType = folder.assetcatalog; path = "Preview Assets.xcassets"; sourceTree = "<group>"; };
		58D40ADC2C10A2C000DCF246 /* Enemy.swift */ = {isa = PBXFileReference; lastKnownFileType = sourcecode.swift; path = Enemy.swift; sourceTree = "<group>"; };
		58D40ADE2C10A2DA00DCF246 /* Tower.swift */ = {isa = PBXFileReference; lastKnownFileType = sourcecode.swift; path = Tower.swift; sourceTree = "<group>"; };
/* End PBXFileReference section */

/* Begin PBXFrameworksBuildPhase section */
		58D40AC82C109F9D00DCF246 /* Frameworks */ = {
			isa = PBXFrameworksBuildPhase;
			buildActionMask = 2147483647;
			files = (
			);
			runOnlyForDeploymentPostprocessing = 0;
		};
/* End PBXFrameworksBuildPhase section */

/* Begin PBXGroup section */
		581DF91E2C10AA08002A0E59 /* Enemy */ = {
			isa = PBXGroup;
			children = (
				581DF9522C11FA6E002A0E59 /* Enemytype */,
				58D40ADC2C10A2C000DCF246 /* Enemy.swift */,
				581DF94C2C118E1C002A0E59 /* EnemyView.swift */,
			);
			path = Enemy;
			sourceTree = "<group>";
		};
		581DF91F2C10AA1F002A0E59 /* Tower */ = {
			isa = PBXGroup;
			children = (
				581DF9262C115DBA002A0E59 /* Towertype */,
				58D40ADE2C10A2DA00DCF246 /* Tower.swift */,
				581421042C12ADBE00B67BA9 /* TowerView.swift */,
			);
			path = Tower;
			sourceTree = "<group>";
		};
		581DF9262C115DBA002A0E59 /* Towertype */ = {
			isa = PBXGroup;
			children = (
				581DF9272C115DD6002A0E59 /* AttackerTower.swift */,
				58AC5D0D2C157E530060EE81 /* ProducerTower.swift */,
			);
			path = Towertype;
			sourceTree = "<group>";
		};
		581DF9292C115ED4002A0E59 /* Bullet */ = {
			isa = PBXGroup;
			children = (
				581DF92A2C115EEC002A0E59 /* Bullet.swift */,
				58AC5D112C16A1B10060EE81 /* BulletView.swift */,
			);
			path = Bullet;
			sourceTree = "<group>";
		};
		581DF9522C11FA6E002A0E59 /* Enemytype */ = {
			isa = PBXGroup;
			children = (
				581DF9532C11FA83002A0E59 /* BossEnemy.swift */,
				581421062C12B85B00B67BA9 /* AttackerEmemy.swift */,
			);
			path = Enemytype;
			sourceTree = "<group>";
		};
		58D40AC22C109F9D00DCF246 = {
			isa = PBXGroup;
			children = (
				58D40ACD2C109F9D00DCF246 /* TowerDefense */,
				58D40ACC2C109F9D00DCF246 /* Products */,
			);
			sourceTree = "<group>";
		};
		58D40ACC2C109F9D00DCF246 /* Products */ = {
			isa = PBXGroup;
			children = (
				58D40ACB2C109F9D00DCF246 /* TowerDefense.app */,
			);
			name = Products;
			sourceTree = "<group>";
		};
		58D40ACD2C109F9D00DCF246 /* TowerDefense */ = {
			isa = PBXGroup;
			children = (
				581DF9292C115ED4002A0E59 /* Bullet */,
				581DF91F2C10AA1F002A0E59 /* Tower */,
				581DF91E2C10AA08002A0E59 /* Enemy */,
				58D40ACE2C109F9D00DCF246 /* TowerDefenseApp.swift */,
				58D40AD02C109F9D00DCF246 /* ContentView.swift */,
				58D40AD22C109F9F00DCF246 /* Assets.xcassets */,
				58D40AD42C109F9F00DCF246 /* Preview Content */,
				581421022C12869500B67BA9 /* TowerCardView.swift */,
				581421082C143C4200B67BA9 /* SideButtonView.swift */,
				58AC5D092C1456F80060EE81 /* ObservableObjects.swift */,
				58AC5D0B2C14576A0060EE81 /* BorningPointView.swift */,
				58AC5D0F2C15A83E0060EE81 /* UtilFunctions.swift */,
			);
			path = TowerDefense;
			sourceTree = "<group>";
		};
		58D40AD42C109F9F00DCF246 /* Preview Content */ = {
			isa = PBXGroup;
			children = (
				58D40AD52C109F9F00DCF246 /* Preview Assets.xcassets */,
			);
			path = "Preview Content";
			sourceTree = "<group>";
		};
/* End PBXGroup section */

/* Begin PBXNativeTarget section */
		58D40ACA2C109F9D00DCF246 /* TowerDefense */ = {
			isa = PBXNativeTarget;
			buildConfigurationList = 58D40AD92C109F9F00DCF246 /* Build configuration list for PBXNativeTarget "TowerDefense" */;
			buildPhases = (
				58D40AC72C109F9D00DCF246 /* Sources */,
				58D40AC82C109F9D00DCF246 /* Frameworks */,
				58D40AC92C109F9D00DCF246 /* Resources */,
			);
			buildRules = (
			);
			dependencies = (
			);
			name = TowerDefense;
			productName = TowerDefense;
			productReference = 58D40ACB2C109F9D00DCF246 /* TowerDefense.app */;
			productType = "com.apple.product-type.application";
		};
/* End PBXNativeTarget section */

/* Begin PBXProject section */
		58D40AC32C109F9D00DCF246 /* Project object */ = {
			isa = PBXProject;
			attributes = {
				BuildIndependentTargetsInParallel = 1;
				LastSwiftUpdateCheck = 1530;
				LastUpgradeCheck = 1530;
				TargetAttributes = {
					58D40ACA2C109F9D00DCF246 = {
						CreatedOnToolsVersion = 15.3;
					};
				};
			};
			buildConfigurationList = 58D40AC62C109F9D00DCF246 /* Build configuration list for PBXProject "TowerDefense" */;
			compatibilityVersion = "Xcode 14.0";
			developmentRegion = en;
			hasScannedForEncodings = 0;
			knownRegions = (
				en,
				Base,
			);
			mainGroup = 58D40AC22C109F9D00DCF246;
			productRefGroup = 58D40ACC2C109F9D00DCF246 /* Products */;
			projectDirPath = "";
			projectRoot = "";
			targets = (
				58D40ACA2C109F9D00DCF246 /* TowerDefense */,
			);
		};
/* End PBXProject section */

/* Begin PBXResourcesBuildPhase section */
		58D40AC92C109F9D00DCF246 /* Resources */ = {
			isa = PBXResourcesBuildPhase;
			buildActionMask = 2147483647;
			files = (
				58D40AD62C109F9F00DCF246 /* Preview Assets.xcassets in Resources */,
				58D40AD32C109F9F00DCF246 /* Assets.xcassets in Resources */,
			);
			runOnlyForDeploymentPostprocessing = 0;
		};
/* End PBXResourcesBuildPhase section */

/* Begin PBXSourcesBuildPhase section */
		58D40AC72C109F9D00DCF246 /* Sources */ = {
			isa = PBXSourcesBuildPhase;
			buildActionMask = 2147483647;
			files = (
				581421032C12869600B67BA9 /* TowerCardView.swift in Sources */,
				58D40AD12C109F9D00DCF246 /* ContentView.swift in Sources */,
				581DF94D2C118E1C002A0E59 /* EnemyView.swift in Sources */,
				58D40ADD2C10A2C000DCF246 /* Enemy.swift in Sources */,
				581421052C12ADBE00B67BA9 /* TowerView.swift in Sources */,
				58AC5D102C15A83E0060EE81 /* UtilFunctions.swift in Sources */,
				58AC5D0C2C14576A0060EE81 /* BorningPointView.swift in Sources */,
				58D40ACF2C109F9D00DCF246 /* TowerDefenseApp.swift in Sources */,
				581DF9282C115DD6002A0E59 /* AttackerTower.swift in Sources */,
				581421092C143C4200B67BA9 /* SideButtonView.swift in Sources */,
				58AC5D0E2C157E530060EE81 /* ProducerTower.swift in Sources */,
				58D40ADF2C10A2DA00DCF246 /* Tower.swift in Sources */,
				581421072C12B85B00B67BA9 /* AttackerEmemy.swift in Sources */,
				58AC5D122C16A1B10060EE81 /* BulletView.swift in Sources */,
				581DF92B2C115EEC002A0E59 /* Bullet.swift in Sources */,
				58AC5D0A2C1456F80060EE81 /* ObservableObjects.swift in Sources */,
				581DF9542C11FA83002A0E59 /* BossEnemy.swift in Sources */,
			);
			runOnlyForDeploymentPostprocessing = 0;
		};
/* End PBXSourcesBuildPhase section */

/* Begin XCBuildConfiguration section */
		58D40AD72C109F9F00DCF246 /* Debug */ = {
			isa = XCBuildConfiguration;
			buildSettings = {
				ALWAYS_SEARCH_USER_PATHS = NO;
				ASSETCATALOG_COMPILER_GENERATE_SWIFT_ASSET_SYMBOL_EXTENSIONS = YES;
				CLANG_ANALYZER_NONNULL = YES;
				CLANG_ANALYZER_NUMBER_OBJECT_CONVERSION = YES_AGGRESSIVE;
				CLANG_CXX_LANGUAGE_STANDARD = "gnu++20";
				CLANG_ENABLE_MODULES = YES;
				CLANG_ENABLE_OBJC_ARC = YES;
				CLANG_ENABLE_OBJC_WEAK = YES;
				CLANG_WARN_BLOCK_CAPTURE_AUTORELEASING = YES;
				CLANG_WARN_BOOL_CONVERSION = YES;
				CLANG_WARN_COMMA = YES;
				CLANG_WARN_CONSTANT_CONVERSION = YES;
				CLANG_WARN_DEPRECATED_OBJC_IMPLEMENTATIONS = YES;
				CLANG_WARN_DIRECT_OBJC_ISA_USAGE = YES_ERROR;
				CLANG_WARN_DOCUMENTATION_COMMENTS = YES;
				CLANG_WARN_EMPTY_BODY = YES;
				CLANG_WARN_ENUM_CONVERSION = YES;
				CLANG_WARN_INFINITE_RECURSION = YES;
				CLANG_WARN_INT_CONVERSION = YES;
				CLANG_WARN_NON_LITERAL_NULL_CONVERSION = YES;
				CLANG_WARN_OBJC_IMPLICIT_RETAIN_SELF = YES;
				CLANG_WARN_OBJC_LITERAL_CONVERSION = YES;
				CLANG_WARN_OBJC_ROOT_CLASS = YES_ERROR;
				CLANG_WARN_QUOTED_INCLUDE_IN_FRAMEWORK_HEADER = YES;
				CLANG_WARN_RANGE_LOOP_ANALYSIS = YES;
				CLANG_WARN_STRICT_PROTOTYPES = YES;
				CLANG_WARN_SUSPICIOUS_MOVE = YES;
				CLANG_WARN_UNGUARDED_AVAILABILITY = YES_AGGRESSIVE;
				CLANG_WARN_UNREACHABLE_CODE = YES;
				CLANG_WARN__DUPLICATE_METHOD_MATCH = YES;
				COPY_PHASE_STRIP = NO;
				DEBUG_INFORMATION_FORMAT = dwarf;
				ENABLE_STRICT_OBJC_MSGSEND = YES;
				ENABLE_TESTABILITY = YES;
				ENABLE_USER_SCRIPT_SANDBOXING = YES;
				GCC_C_LANGUAGE_STANDARD = gnu17;
				GCC_DYNAMIC_NO_PIC = NO;
				GCC_NO_COMMON_BLOCKS = YES;
				GCC_OPTIMIZATION_LEVEL = 0;
				GCC_PREPROCESSOR_DEFINITIONS = (
					"DEBUG=1",
					"$(inherited)",
				);
				GCC_WARN_64_TO_32_BIT_CONVERSION = YES;
				GCC_WARN_ABOUT_RETURN_TYPE = YES_ERROR;
				GCC_WARN_UNDECLARED_SELECTOR = YES;
				GCC_WARN_UNINITIALIZED_AUTOS = YES_AGGRESSIVE;
				GCC_WARN_UNUSED_FUNCTION = YES;
				GCC_WARN_UNUSED_VARIABLE = YES;
				IPHONEOS_DEPLOYMENT_TARGET = 17.4;
				LOCALIZATION_PREFERS_STRING_CATALOGS = YES;
				MTL_ENABLE_DEBUG_INFO = INCLUDE_SOURCE;
				MTL_FAST_MATH = YES;
				ONLY_ACTIVE_ARCH = YES;
				SDKROOT = iphoneos;
				SWIFT_ACTIVE_COMPILATION_CONDITIONS = "DEBUG $(inherited)";
				SWIFT_OPTIMIZATION_LEVEL = "-Onone";
			};
			name = Debug;
		};
		58D40AD82C109F9F00DCF246 /* Release */ = {
			isa = XCBuildConfiguration;
			buildSettings = {
				ALWAYS_SEARCH_USER_PATHS = NO;
				ASSETCATALOG_COMPILER_GENERATE_SWIFT_ASSET_SYMBOL_EXTENSIONS = YES;
				CLANG_ANALYZER_NONNULL = YES;
				CLANG_ANALYZER_NUMBER_OBJECT_CONVERSION = YES_AGGRESSIVE;
				CLANG_CXX_LANGUAGE_STANDARD = "gnu++20";
				CLANG_ENABLE_MODULES = YES;
				CLANG_ENABLE_OBJC_ARC = YES;
				CLANG_ENABLE_OBJC_WEAK = YES;
				CLANG_WARN_BLOCK_CAPTURE_AUTORELEASING = YES;
				CLANG_WARN_BOOL_CONVERSION = YES;
				CLANG_WARN_COMMA = YES;
				CLANG_WARN_CONSTANT_CONVERSION = YES;
				CLANG_WARN_DEPRECATED_OBJC_IMPLEMENTATIONS = YES;
				CLANG_WARN_DIRECT_OBJC_ISA_USAGE = YES_ERROR;
				CLANG_WARN_DOCUMENTATION_COMMENTS = YES;
				CLANG_WARN_EMPTY_BODY = YES;
				CLANG_WARN_ENUM_CONVERSION = YES;
				CLANG_WARN_INFINITE_RECURSION = YES;
				CLANG_WARN_INT_CONVERSION = YES;
				CLANG_WARN_NON_LITERAL_NULL_CONVERSION = YES;
				CLANG_WARN_OBJC_IMPLICIT_RETAIN_SELF = YES;
				CLANG_WARN_OBJC_LITERAL_CONVERSION = YES;
				CLANG_WARN_OBJC_ROOT_CLASS = YES_ERROR;
				CLANG_WARN_QUOTED_INCLUDE_IN_FRAMEWORK_HEADER = YES;
				CLANG_WARN_RANGE_LOOP_ANALYSIS = YES;
				CLANG_WARN_STRICT_PROTOTYPES = YES;
				CLANG_WARN_SUSPICIOUS_MOVE = YES;
				CLANG_WARN_UNGUARDED_AVAILABILITY = YES_AGGRESSIVE;
				CLANG_WARN_UNREACHABLE_CODE = YES;
				CLANG_WARN__DUPLICATE_METHOD_MATCH = YES;
				COPY_PHASE_STRIP = NO;
				DEBUG_INFORMATION_FORMAT = "dwarf-with-dsym";
				ENABLE_NS_ASSERTIONS = NO;
				ENABLE_STRICT_OBJC_MSGSEND = YES;
				ENABLE_USER_SCRIPT_SANDBOXING = YES;
				GCC_C_LANGUAGE_STANDARD = gnu17;
				GCC_NO_COMMON_BLOCKS = YES;
				GCC_WARN_64_TO_32_BIT_CONVERSION = YES;
				GCC_WARN_ABOUT_RETURN_TYPE = YES_ERROR;
				GCC_WARN_UNDECLARED_SELECTOR = YES;
				GCC_WARN_UNINITIALIZED_AUTOS = YES_AGGRESSIVE;
				GCC_WARN_UNUSED_FUNCTION = YES;
				GCC_WARN_UNUSED_VARIABLE = YES;
				IPHONEOS_DEPLOYMENT_TARGET = 17.4;
				LOCALIZATION_PREFERS_STRING_CATALOGS = YES;
				MTL_ENABLE_DEBUG_INFO = NO;
				MTL_FAST_MATH = YES;
				SDKROOT = iphoneos;
				SWIFT_COMPILATION_MODE = wholemodule;
				VALIDATE_PRODUCT = YES;
			};
			name = Release;
		};
		58D40ADA2C109F9F00DCF246 /* Debug */ = {
			isa = XCBuildConfiguration;
			buildSettings = {
				ASSETCATALOG_COMPILER_APPICON_NAME = AppIcon;
				ASSETCATALOG_COMPILER_GLOBAL_ACCENT_COLOR_NAME = AccentColor;
				CODE_SIGN_STYLE = Automatic;
				CURRENT_PROJECT_VERSION = 1;
				DEVELOPMENT_ASSET_PATHS = "\"TowerDefense/Preview Content\"";
				DEVELOPMENT_TEAM = HF7MJGCV2J;
				ENABLE_PREVIEWS = YES;
				GENERATE_INFOPLIST_FILE = YES;
				INFOPLIST_KEY_UIApplicationSceneManifest_Generation = YES;
				INFOPLIST_KEY_UIApplicationSupportsIndirectInputEvents = YES;
				INFOPLIST_KEY_UILaunchScreen_Generation = YES;
				INFOPLIST_KEY_UIRequiresFullScreen = YES;
				INFOPLIST_KEY_UISupportedInterfaceOrientations = "UIInterfaceOrientationLandscapeLeft UIInterfaceOrientationLandscapeRight";
				LD_RUNPATH_SEARCH_PATHS = (
					"$(inherited)",
					"@executable_path/Frameworks",
				);
				MARKETING_VERSION = 1.0;
				PRODUCT_BUNDLE_IDENTIFIER = com.TianyuXu.TowerDefense;
				PRODUCT_NAME = "$(TARGET_NAME)";
				SWIFT_EMIT_LOC_STRINGS = YES;
				SWIFT_VERSION = 5.0;
				TARGETED_DEVICE_FAMILY = "1,2";
			};
			name = Debug;
		};
		58D40ADB2C109F9F00DCF246 /* Release */ = {
			isa = XCBuildConfiguration;
			buildSettings = {
				ASSETCATALOG_COMPILER_APPICON_NAME = AppIcon;
				ASSETCATALOG_COMPILER_GLOBAL_ACCENT_COLOR_NAME = AccentColor;
				CODE_SIGN_STYLE = Automatic;
				CURRENT_PROJECT_VERSION = 1;
				DEVELOPMENT_ASSET_PATHS = "\"TowerDefense/Preview Content\"";
				DEVELOPMENT_TEAM = HF7MJGCV2J;
				ENABLE_PREVIEWS = YES;
				GENERATE_INFOPLIST_FILE = YES;
				INFOPLIST_KEY_UIApplicationSceneManifest_Generation = YES;
				INFOPLIST_KEY_UIApplicationSupportsIndirectInputEvents = YES;
				INFOPLIST_KEY_UILaunchScreen_Generation = YES;
				INFOPLIST_KEY_UIRequiresFullScreen = YES;
				INFOPLIST_KEY_UISupportedInterfaceOrientations = "UIInterfaceOrientationLandscapeLeft UIInterfaceOrientationLandscapeRight";
				LD_RUNPATH_SEARCH_PATHS = (
					"$(inherited)",
					"@executable_path/Frameworks",
				);
				MARKETING_VERSION = 1.0;
				PRODUCT_BUNDLE_IDENTIFIER = com.TianyuXu.TowerDefense;
				PRODUCT_NAME = "$(TARGET_NAME)";
				SWIFT_EMIT_LOC_STRINGS = YES;
				SWIFT_VERSION = 5.0;
				TARGETED_DEVICE_FAMILY = "1,2";
			};
			name = Release;
		};
/* End XCBuildConfiguration section */

/* Begin XCConfigurationList section */
		58D40AC62C109F9D00DCF246 /* Build configuration list for PBXProject "TowerDefense" */ = {
			isa = XCConfigurationList;
			buildConfigurations = (
				58D40AD72C109F9F00DCF246 /* Debug */,
				58D40AD82C109F9F00DCF246 /* Release */,
			);
			defaultConfigurationIsVisible = 0;
			defaultConfigurationName = Release;
		};
		58D40AD92C109F9F00DCF246 /* Build configuration list for PBXNativeTarget "TowerDefense" */ = {
			isa = XCConfigurationList;
			buildConfigurations = (
				58D40ADA2C109F9F00DCF246 /* Debug */,
				58D40ADB2C109F9F00DCF246 /* Release */,
			);
			defaultConfigurationIsVisible = 0;
			defaultConfigurationName = Release;
		};
/* End XCConfigurationList section */
	};
	rootObject = 58D40AC32C109F9D00DCF246 /* Project object */;
}
